<?xml version="1.0" encoding="utf-8"?>
<Project ToolsVersion="4.0" xmlns="http://schemas.microsoft.com/developer/msbuild/2003">
  <ItemGroup>
    <ClCompile Include="KerbalVR_Renderer.cpp" />
    <ClCompile Include="src\RenderAPI.cpp">
      <Filter>src</Filter>
    </ClCompile>
    <ClCompile Include="src\RenderAPI_D3D11.cpp">
      <Filter>src</Filter>
    </ClCompile>
  </ItemGroup>
  <ItemGroup>
    <Filter Include="inc">
      <UniqueIdentifier>{5674a638-fb75-4337-8814-c6c32bf7f0a6}</UniqueIdentifier>
    </Filter>
    <Filter Include="src">
      <UniqueIdentifier>{6a9b6e79-9600-432e-8143-3f5b9983a4b4}</UniqueIdentifier>
    </Filter>
  </ItemGroup>
  <ItemGroup>
    <ClInclude Include="inc\openvr.h">
      <Filter>inc</Filter>
    </ClInclude>
    <ClInclude Include="inc\PlatformBase.h">
      <Filter>inc</Filter>
    </ClInclude>
    <ClInclude Include="inc\RenderAPI.h">
      <Filter>inc</Filter>
    </ClInclude>
  </ItemGroup>
</Project>